
Microsoft Visual Studio Solution File, Format Version 12.00
# Visual Studio Version 16
VisualStudioVersion = 16.0.29021.104
MinimumVisualStudioVersion = 10.0.40219.1
Project("{9A19103F-16F7-4668-BE54-9A1E7A4F7556}") = "MovieTimes.Service.WorkerService", "MovieTimes.Service.WorkerService\MovieTimes.Service.WorkerService.csproj", "{B903ADCE-AB5D-4EFF-81DA-A96B1045538C}"
EndProject
Project("{9A19103F-16F7-4668-BE54-9A1E7A4F7556}") = "MovieTimes.Service.Workflows", "MovieTimes.Service.Workflows\MovieTimes.Service.Workflows.csproj", "{07B6C378-1839-421F-85EF-732388749743}"
EndProject
Project("{9A19103F-16F7-4668-BE54-9A1E7A4F7556}") = "MovieTimes.Service.Models", "MovieTimes.Service.Models\MovieTimes.Service.Models.csproj", "{CD51DEC3-0D85-4CD1-A5D9-BA8988ED2982}"
EndProject
Project("{9A19103F-16F7-4668-BE54-9A1E7A4F7556}") = "MovieTimes.Service.Repositories", "MovieTimes.Service.Repositories\MovieTimes.Service.Repositories.csproj", "{F8B6E5C9-6635-4829-AAE3-DC5EA7406A1F}"
EndProject
Project("{9A19103F-16F7-4668-BE54-9A1E7A4F7556}") = "MovieTimes.Service.Repositories.Tests", "MovieTimes.Service.Repositories.Tests\MovieTimes.Service.Repositories.Tests.csproj", "{114A29A2-C0E1-4C25-BC23-073B0F7AAB44}"
EndProject
Project("{9A19103F-16F7-4668-BE54-9A1E7A4F7556}") = "MovieTimes.Service.Steps", "MovieTimes.Service.Steps\MovieTimes.Service.Steps.csproj", "{DD3A349C-2F92-47E5-8BA4-B5657269432A}"
EndProject
Project("{9A19103F-16F7-4668-BE54-9A1E7A4F7556}") = "MovieTimes.Service.Steps.Tests", "MovieTimes.Service.Steps.Tests\MovieTimes.Service.Steps.Tests.csproj", "{10B28A49-5FC6-4BF2-BB1B-838462702AB6}"
EndProject
Project("{9A19103F-16F7-4668-BE54-9A1E7A4F7556}") = "MovieTimes.Service.Configuration", "MovieTimes.Service.Configuration\MovieTimes.Service.Configuration.csproj", "{F4F644F5-B45B-421E-8F95-F4E7FB5E11F9}"
EndProject
Project("{2150E333-8FDC-42A3-9474-1A3956D46DE8}") = "Solution Items", "Solution Items", "{E174A0A1-2538-4437-9636-C86BB735EDDE}"
	ProjectSection(SolutionItems) = preProject
		build.sh = build.sh
		Dockerfile = Dockerfile
	EndProjectSection
EndProject
Project("{9A19103F-16F7-4668-BE54-9A1E7A4F7556}") = "MovieTimes.Service.Services", "MovieTimes.Service.Services\MovieTimes.Service.Services.csproj", "{7041EDF3-8B6A-4C9D-8CFA-A06BEAFE82DB}"
EndProject
Project("{9A19103F-16F7-4668-BE54-9A1E7A4F7556}") = "MovieTimes.Service.Models.Tests", "MovieTimes.Service.Models.Tests\MovieTimes.Service.Models.Tests.csproj", "{EC3A6A55-0414-4AE2-80B9-DAAA48D6495F}"
EndProject
Project("{9A19103F-16F7-4668-BE54-9A1E7A4F7556}") = "MovieTimes.Service.Services.Tests", "MovieTimes.Service.Services.Tests\MovieTimes.Service.Services.Tests.csproj", "{0455F78C-FA7B-4875-9474-B846A246B120}"
EndProject
Project("{9A19103F-16F7-4668-BE54-9A1E7A4F7556}") = "MovieTimes.Service.Workflows.Tests", "MovieTimes.Service.Workflows.Tests\MovieTimes.Service.Workflows.Tests.csproj", "{FD302BD4-0544-4FE0-8431-57780612FBA5}"
EndProject
Global
	GlobalSection(SolutionConfigurationPlatforms) = preSolution
		Debug|Any CPU = Debug|Any CPU
		Release|Any CPU = Release|Any CPU
	EndGlobalSection
	GlobalSection(ProjectConfigurationPlatforms) = postSolution
		{B903ADCE-AB5D-4EFF-81DA-A96B1045538C}.Debug|Any CPU.ActiveCfg = Debug|Any CPU
		{B903ADCE-AB5D-4EFF-81DA-A96B1045538C}.Debug|Any CPU.Build.0 = Debug|Any CPU
		{B903ADCE-AB5D-4EFF-81DA-A96B1045538C}.Release|Any CPU.ActiveCfg = Release|Any CPU
		{B903ADCE-AB5D-4EFF-81DA-A96B1045538C}.Release|Any CPU.Build.0 = Release|Any CPU
		{07B6C378-1839-421F-85EF-732388749743}.Debug|Any CPU.ActiveCfg = Debug|Any CPU
		{07B6C378-1839-421F-85EF-732388749743}.Debug|Any CPU.Build.0 = Debug|Any CPU
		{07B6C378-1839-421F-85EF-732388749743}.Release|Any CPU.ActiveCfg = Release|Any CPU
		{07B6C378-1839-421F-85EF-732388749743}.Release|Any CPU.Build.0 = Release|Any CPU
		{CD51DEC3-0D85-4CD1-A5D9-BA8988ED2982}.Debug|Any CPU.ActiveCfg = Debug|Any CPU
		{CD51DEC3-0D85-4CD1-A5D9-BA8988ED2982}.Debug|Any CPU.Build.0 = Debug|Any CPU
		{CD51DEC3-0D85-4CD1-A5D9-BA8988ED2982}.Release|Any CPU.ActiveCfg = Release|Any CPU
		{CD51DEC3-0D85-4CD1-A5D9-BA8988ED2982}.Release|Any CPU.Build.0 = Release|Any CPU
		{F8B6E5C9-6635-4829-AAE3-DC5EA7406A1F}.Debug|Any CPU.ActiveCfg = Debug|Any CPU
		{F8B6E5C9-6635-4829-AAE3-DC5EA7406A1F}.Debug|Any CPU.Build.0 = Debug|Any CPU
		{F8B6E5C9-6635-4829-AAE3-DC5EA7406A1F}.Release|Any CPU.ActiveCfg = Release|Any CPU
		{F8B6E5C9-6635-4829-AAE3-DC5EA7406A1F}.Release|Any CPU.Build.0 = Release|Any CPU
		{114A29A2-C0E1-4C25-BC23-073B0F7AAB44}.Debug|Any CPU.ActiveCfg = Debug|Any CPU
		{114A29A2-C0E1-4C25-BC23-073B0F7AAB44}.Debug|Any CPU.Build.0 = Debug|Any CPU
		{114A29A2-C0E1-4C25-BC23-073B0F7AAB44}.Release|Any CPU.ActiveCfg = Release|Any CPU
		{114A29A2-C0E1-4C25-BC23-073B0F7AAB44}.Release|Any CPU.Build.0 = Release|Any CPU
		{DD3A349C-2F92-47E5-8BA4-B5657269432A}.Debug|Any CPU.ActiveCfg = Debug|Any CPU
		{DD3A349C-2F92-47E5-8BA4-B5657269432A}.Debug|Any CPU.Build.0 = Debug|Any CPU
		{DD3A349C-2F92-47E5-8BA4-B5657269432A}.Release|Any CPU.ActiveCfg = Release|Any CPU
		{DD3A349C-2F92-47E5-8BA4-B5657269432A}.Release|Any CPU.Build.0 = Release|Any CPU
		{10B28A49-5FC6-4BF2-BB1B-838462702AB6}.Debug|Any CPU.ActiveCfg = Debug|Any CPU
		{10B28A49-5FC6-4BF2-BB1B-838462702AB6}.Debug|Any CPU.Build.0 = Debug|Any CPU
		{10B28A49-5FC6-4BF2-BB1B-838462702AB6}.Release|Any CPU.ActiveCfg = Release|Any CPU
		{10B28A49-5FC6-4BF2-BB1B-838462702AB6}.Release|Any CPU.Build.0 = Release|Any CPU
		{F4F644F5-B45B-421E-8F95-F4E7FB5E11F9}.Debug|Any CPU.ActiveCfg = Debug|Any CPU
		{F4F644F5-B45B-421E-8F95-F4E7FB5E11F9}.Debug|Any CPU.Build.0 = Debug|Any CPU
		{F4F644F5-B45B-421E-8F95-F4E7FB5E11F9}.Release|Any CPU.ActiveCfg = Release|Any CPU
		{F4F644F5-B45B-421E-8F95-F4E7FB5E11F9}.Release|Any CPU.Build.0 = Release|Any CPU
		{7041EDF3-8B6A-4C9D-8CFA-A06BEAFE82DB}.Debug|Any CPU.ActiveCfg = Debug|Any CPU
		{7041EDF3-8B6A-4C9D-8CFA-A06BEAFE82DB}.Debug|Any CPU.Build.0 = Debug|Any CPU
		{7041EDF3-8B6A-4C9D-8CFA-A06BEAFE82DB}.Release|Any CPU.ActiveCfg = Release|Any CPU
		{7041EDF3-8B6A-4C9D-8CFA-A06BEAFE82DB}.Release|Any CPU.Build.0 = Release|Any CPU
		{EC3A6A55-0414-4AE2-80B9-DAAA48D6495F}.Debug|Any CPU.ActiveCfg = Debug|Any CPU
		{EC3A6A55-0414-4AE2-80B9-DAAA48D6495F}.Debug|Any CPU.Build.0 = Debug|Any CPU
		{EC3A6A55-0414-4AE2-80B9-DAAA48D6495F}.Release|Any CPU.ActiveCfg = Release|Any CPU
		{EC3A6A55-0414-4AE2-80B9-DAAA48D6495F}.Release|Any CPU.Build.0 = Release|Any CPU
		{0455F78C-FA7B-4875-9474-B846A246B120}.Debug|Any CPU.ActiveCfg = Debug|Any CPU
		{0455F78C-FA7B-4875-9474-B846A246B120}.Debug|Any CPU.Build.0 = Debug|Any CPU
		{0455F78C-FA7B-4875-9474-B846A246B120}.Release|Any CPU.ActiveCfg = Release|Any CPU
		{0455F78C-FA7B-4875-9474-B846A246B120}.Release|Any CPU.Build.0 = Release|Any CPU
		{FD302BD4-0544-4FE0-8431-57780612FBA5}.Debug|Any CPU.ActiveCfg = Debug|Any CPU
		{FD302BD4-0544-4FE0-8431-57780612FBA5}.Debug|Any CPU.Build.0 = Debug|Any CPU
		{FD302BD4-0544-4FE0-8431-57780612FBA5}.Release|Any CPU.ActiveCfg = Release|Any CPU
		{FD302BD4-0544-4FE0-8431-57780612FBA5}.Release|Any CPU.Build.0 = Release|Any CPU
	EndGlobalSection
	GlobalSection(SolutionProperties) = preSolution
		HideSolutionNode = FALSE
	EndGlobalSection
	GlobalSection(ExtensibilityGlobals) = postSolution
		SolutionGuid = {536CBA9A-EE16-4478-AF55-5EF664A348C1}
	EndGlobalSection
EndGlobal
