
Microsoft Visual Studio Solution File, Format Version 12.00
# Visual Studio Version 16
VisualStudioVersion = 16.0.28803.202
MinimumVisualStudioVersion = 10.0.40219.1
Project("{9A19103F-16F7-4668-BE54-9A1E7A4F7556}") = "MovieTimes.CineworldService.ConsoleApp", "MovieTimes.CineworldService.ConsoleApp\MovieTimes.CineworldService.ConsoleApp.csproj", "{A3C0C23F-3B31-4615-8B94-886B5411E7C4}"
EndProject
Project("{9A19103F-16F7-4668-BE54-9A1E7A4F7556}") = "MovieTimes.CineworldService.Clients", "MovieTimes.CineworldService.Clients\MovieTimes.CineworldService.Clients.csproj", "{800D6899-A02B-4BB7-B86D-76FF7A66D643}"
EndProject
Project("{9A19103F-16F7-4668-BE54-9A1E7A4F7556}") = "MovieTimes.CineworldService.Configuration", "MovieTimes.CineworldService.Configuration\MovieTimes.CineworldService.Configuration.csproj", "{B410160F-004E-4B57-BFFB-4C928163A686}"
EndProject
Project("{9A19103F-16F7-4668-BE54-9A1E7A4F7556}") = "MovieTimes.CineworldService.Clients.Tests", "MovieTimes.CineworldService.Clients.Tests\MovieTimes.CineworldService.Clients.Tests.csproj", "{8E616112-1EC9-430E-916D-B75C71989791}"
EndProject
Project("{9A19103F-16F7-4668-BE54-9A1E7A4F7556}") = "MovieTimes.CineworldService.Services", "MovieTimes.CineworldService.Services\MovieTimes.CineworldService.Services.csproj", "{3A8E6EEB-61DA-4F1E-BCF9-FE5D51701217}"
EndProject
Project("{9A19103F-16F7-4668-BE54-9A1E7A4F7556}") = "MovieTimes.CineworldService.Models", "MovieTimes.CineworldService.Models\MovieTimes.CineworldService.Models.csproj", "{7F1063A5-1E81-470F-BD29-DF22431C539C}"
EndProject
Project("{9A19103F-16F7-4668-BE54-9A1E7A4F7556}") = "MovieTimes.CineworldService.Repositories", "MovieTimes.CineworldService.Repositories\MovieTimes.CineworldService.Repositories.csproj", "{119BD0FC-3EE3-43C3-9A7E-EF55E45FB225}"
EndProject
Project("{2150E333-8FDC-42A3-9474-1A3956D46DE8}") = "Solution Items", "Solution Items", "{7E80EEFF-CF44-4417-ADC2-81CCAFF62D97}"
	ProjectSection(SolutionItems) = preProject
		build.sh = build.sh
		Dockerfile = Dockerfile
	EndProjectSection
EndProject
Global
	GlobalSection(SolutionConfigurationPlatforms) = preSolution
		Debug|Any CPU = Debug|Any CPU
		Release|Any CPU = Release|Any CPU
	EndGlobalSection
	GlobalSection(ProjectConfigurationPlatforms) = postSolution
		{A3C0C23F-3B31-4615-8B94-886B5411E7C4}.Debug|Any CPU.ActiveCfg = Debug|Any CPU
		{A3C0C23F-3B31-4615-8B94-886B5411E7C4}.Debug|Any CPU.Build.0 = Debug|Any CPU
		{A3C0C23F-3B31-4615-8B94-886B5411E7C4}.Release|Any CPU.ActiveCfg = Release|Any CPU
		{A3C0C23F-3B31-4615-8B94-886B5411E7C4}.Release|Any CPU.Build.0 = Release|Any CPU
		{800D6899-A02B-4BB7-B86D-76FF7A66D643}.Debug|Any CPU.ActiveCfg = Debug|Any CPU
		{800D6899-A02B-4BB7-B86D-76FF7A66D643}.Debug|Any CPU.Build.0 = Debug|Any CPU
		{800D6899-A02B-4BB7-B86D-76FF7A66D643}.Release|Any CPU.ActiveCfg = Release|Any CPU
		{800D6899-A02B-4BB7-B86D-76FF7A66D643}.Release|Any CPU.Build.0 = Release|Any CPU
		{B410160F-004E-4B57-BFFB-4C928163A686}.Debug|Any CPU.ActiveCfg = Debug|Any CPU
		{B410160F-004E-4B57-BFFB-4C928163A686}.Debug|Any CPU.Build.0 = Debug|Any CPU
		{B410160F-004E-4B57-BFFB-4C928163A686}.Release|Any CPU.ActiveCfg = Release|Any CPU
		{B410160F-004E-4B57-BFFB-4C928163A686}.Release|Any CPU.Build.0 = Release|Any CPU
		{8E616112-1EC9-430E-916D-B75C71989791}.Debug|Any CPU.ActiveCfg = Debug|Any CPU
		{8E616112-1EC9-430E-916D-B75C71989791}.Debug|Any CPU.Build.0 = Debug|Any CPU
		{8E616112-1EC9-430E-916D-B75C71989791}.Release|Any CPU.ActiveCfg = Release|Any CPU
		{8E616112-1EC9-430E-916D-B75C71989791}.Release|Any CPU.Build.0 = Release|Any CPU
		{3A8E6EEB-61DA-4F1E-BCF9-FE5D51701217}.Debug|Any CPU.ActiveCfg = Debug|Any CPU
		{3A8E6EEB-61DA-4F1E-BCF9-FE5D51701217}.Debug|Any CPU.Build.0 = Debug|Any CPU
		{3A8E6EEB-61DA-4F1E-BCF9-FE5D51701217}.Release|Any CPU.ActiveCfg = Release|Any CPU
		{3A8E6EEB-61DA-4F1E-BCF9-FE5D51701217}.Release|Any CPU.Build.0 = Release|Any CPU
		{7F1063A5-1E81-470F-BD29-DF22431C539C}.Debug|Any CPU.ActiveCfg = Debug|Any CPU
		{7F1063A5-1E81-470F-BD29-DF22431C539C}.Debug|Any CPU.Build.0 = Debug|Any CPU
		{7F1063A5-1E81-470F-BD29-DF22431C539C}.Release|Any CPU.ActiveCfg = Release|Any CPU
		{7F1063A5-1E81-470F-BD29-DF22431C539C}.Release|Any CPU.Build.0 = Release|Any CPU
		{119BD0FC-3EE3-43C3-9A7E-EF55E45FB225}.Debug|Any CPU.ActiveCfg = Debug|Any CPU
		{119BD0FC-3EE3-43C3-9A7E-EF55E45FB225}.Debug|Any CPU.Build.0 = Debug|Any CPU
		{119BD0FC-3EE3-43C3-9A7E-EF55E45FB225}.Release|Any CPU.ActiveCfg = Release|Any CPU
		{119BD0FC-3EE3-43C3-9A7E-EF55E45FB225}.Release|Any CPU.Build.0 = Release|Any CPU
	EndGlobalSection
	GlobalSection(SolutionProperties) = preSolution
		HideSolutionNode = FALSE
	EndGlobalSection
	GlobalSection(ExtensibilityGlobals) = postSolution
		SolutionGuid = {A9DCDD78-A5CD-4E70-BA02-8EDC3EBABEFE}
	EndGlobalSection
EndGlobal
