
Microsoft Visual Studio Solution File, Format Version 12.00
# Visual Studio Version 16
VisualStudioVersion = 16.0.28902.138
MinimumVisualStudioVersion = 10.0.40219.1
Project("{9A19103F-16F7-4668-BE54-9A1E7A4F7556}") = "MovieTimes.MovieDetailsService.ConsoleApp", "MovieTimes.MovieDetailsService.ConsoleApp\MovieTimes.MovieDetailsService.ConsoleApp.csproj", "{81DC2D41-9841-4670-AC4A-8D071E0B75DC}"
EndProject
Project("{9A19103F-16F7-4668-BE54-9A1E7A4F7556}") = "MovieTimes.MovieDetailsService.Clients", "MovieTimes.MovieDetailsService.Clients\MovieTimes.MovieDetailsService.Clients.csproj", "{09484FC1-5F48-4B95-9CD3-50A0F8D91C7B}"
EndProject
Project("{9A19103F-16F7-4668-BE54-9A1E7A4F7556}") = "MovieTimes.MovieDetailsService.Models", "MovieTimes.MovieDetailsService.Models\MovieTimes.MovieDetailsService.Models.csproj", "{0AB7B13F-2A1A-426C-AE24-23B29DE7CE8F}"
EndProject
Project("{9A19103F-16F7-4668-BE54-9A1E7A4F7556}") = "MovieTimes.MovieDetailsService.Clients.Tests", "MovieTimes.MovieDetailsService.Clients.Tests\MovieTimes.MovieDetailsService.Clients.Tests.csproj", "{770C8328-8163-419E-B757-ED63919EF5DE}"
EndProject
Project("{9A19103F-16F7-4668-BE54-9A1E7A4F7556}") = "MovieTimes.MovieDetailsService.Configuration", "MovieTimes.MovieDetailsService.Configuration\MovieTimes.MovieDetailsService.Configuration.csproj", "{3C4F6301-7EA8-454D-8C6E-3DBA5F0E8D99}"
EndProject
Project("{9A19103F-16F7-4668-BE54-9A1E7A4F7556}") = "MovieTimes.MovieDetailsService.Repositories", "MovieTimes.MovieDetailsService.Repositories\MovieTimes.MovieDetailsService.Repositories.csproj", "{81A8F9D5-EB3B-42FB-A3BE-FDB85B0B301A}"
EndProject
Project("{9A19103F-16F7-4668-BE54-9A1E7A4F7556}") = "MovieTimes.MovieDetailsService.Workflows", "MovieTimes.MovieDetailsService.Workflows\MovieTimes.MovieDetailsService.Workflows.csproj", "{9AF49AA8-305F-43B3-896E-AE3E2FBF04C7}"
EndProject
Project("{9A19103F-16F7-4668-BE54-9A1E7A4F7556}") = "MovieTimes.MovieDetailsService.Steps", "MovieTimes.MovieDetailsService.Steps\MovieTimes.MovieDetailsService.Steps.csproj", "{5D0DEC98-EE88-4636-B776-762713C8D79F}"
EndProject
Project("{9A19103F-16F7-4668-BE54-9A1E7A4F7556}") = "MovieTimes.MovieDetailsService.Steps.Tests", "MovieTimes.MovieDetailsService.Steps.Tests\MovieTimes.MovieDetailsService.Steps.Tests.csproj", "{C211C2F6-5172-46F5-B666-415B08786CDB}"
EndProject
Project("{FAE04EC0-301F-11D3-BF4B-00C04F79EFBC}") = "MovieTimes.MovieDetailsService.Services", "MovieTimes.MovieDetailsService.Services\MovieTimes.MovieDetailsService.Services.csproj", "{72B54FC9-2D0F-4FFF-81C9-75B000C3A6A7}"
EndProject
Global
	GlobalSection(SolutionConfigurationPlatforms) = preSolution
		Debug|Any CPU = Debug|Any CPU
		Release|Any CPU = Release|Any CPU
	EndGlobalSection
	GlobalSection(ProjectConfigurationPlatforms) = postSolution
		{81DC2D41-9841-4670-AC4A-8D071E0B75DC}.Debug|Any CPU.ActiveCfg = Debug|Any CPU
		{81DC2D41-9841-4670-AC4A-8D071E0B75DC}.Debug|Any CPU.Build.0 = Debug|Any CPU
		{81DC2D41-9841-4670-AC4A-8D071E0B75DC}.Release|Any CPU.ActiveCfg = Release|Any CPU
		{81DC2D41-9841-4670-AC4A-8D071E0B75DC}.Release|Any CPU.Build.0 = Release|Any CPU
		{09484FC1-5F48-4B95-9CD3-50A0F8D91C7B}.Debug|Any CPU.ActiveCfg = Debug|Any CPU
		{09484FC1-5F48-4B95-9CD3-50A0F8D91C7B}.Debug|Any CPU.Build.0 = Debug|Any CPU
		{09484FC1-5F48-4B95-9CD3-50A0F8D91C7B}.Release|Any CPU.ActiveCfg = Release|Any CPU
		{09484FC1-5F48-4B95-9CD3-50A0F8D91C7B}.Release|Any CPU.Build.0 = Release|Any CPU
		{0AB7B13F-2A1A-426C-AE24-23B29DE7CE8F}.Debug|Any CPU.ActiveCfg = Debug|Any CPU
		{0AB7B13F-2A1A-426C-AE24-23B29DE7CE8F}.Debug|Any CPU.Build.0 = Debug|Any CPU
		{0AB7B13F-2A1A-426C-AE24-23B29DE7CE8F}.Release|Any CPU.ActiveCfg = Release|Any CPU
		{0AB7B13F-2A1A-426C-AE24-23B29DE7CE8F}.Release|Any CPU.Build.0 = Release|Any CPU
		{770C8328-8163-419E-B757-ED63919EF5DE}.Debug|Any CPU.ActiveCfg = Debug|Any CPU
		{770C8328-8163-419E-B757-ED63919EF5DE}.Debug|Any CPU.Build.0 = Debug|Any CPU
		{770C8328-8163-419E-B757-ED63919EF5DE}.Release|Any CPU.ActiveCfg = Release|Any CPU
		{770C8328-8163-419E-B757-ED63919EF5DE}.Release|Any CPU.Build.0 = Release|Any CPU
		{3C4F6301-7EA8-454D-8C6E-3DBA5F0E8D99}.Debug|Any CPU.ActiveCfg = Debug|Any CPU
		{3C4F6301-7EA8-454D-8C6E-3DBA5F0E8D99}.Debug|Any CPU.Build.0 = Debug|Any CPU
		{3C4F6301-7EA8-454D-8C6E-3DBA5F0E8D99}.Release|Any CPU.ActiveCfg = Release|Any CPU
		{3C4F6301-7EA8-454D-8C6E-3DBA5F0E8D99}.Release|Any CPU.Build.0 = Release|Any CPU
		{81A8F9D5-EB3B-42FB-A3BE-FDB85B0B301A}.Debug|Any CPU.ActiveCfg = Debug|Any CPU
		{81A8F9D5-EB3B-42FB-A3BE-FDB85B0B301A}.Debug|Any CPU.Build.0 = Debug|Any CPU
		{81A8F9D5-EB3B-42FB-A3BE-FDB85B0B301A}.Release|Any CPU.ActiveCfg = Release|Any CPU
		{81A8F9D5-EB3B-42FB-A3BE-FDB85B0B301A}.Release|Any CPU.Build.0 = Release|Any CPU
		{9AF49AA8-305F-43B3-896E-AE3E2FBF04C7}.Debug|Any CPU.ActiveCfg = Debug|Any CPU
		{9AF49AA8-305F-43B3-896E-AE3E2FBF04C7}.Debug|Any CPU.Build.0 = Debug|Any CPU
		{9AF49AA8-305F-43B3-896E-AE3E2FBF04C7}.Release|Any CPU.ActiveCfg = Release|Any CPU
		{9AF49AA8-305F-43B3-896E-AE3E2FBF04C7}.Release|Any CPU.Build.0 = Release|Any CPU
		{5D0DEC98-EE88-4636-B776-762713C8D79F}.Debug|Any CPU.ActiveCfg = Debug|Any CPU
		{5D0DEC98-EE88-4636-B776-762713C8D79F}.Debug|Any CPU.Build.0 = Debug|Any CPU
		{5D0DEC98-EE88-4636-B776-762713C8D79F}.Release|Any CPU.ActiveCfg = Release|Any CPU
		{5D0DEC98-EE88-4636-B776-762713C8D79F}.Release|Any CPU.Build.0 = Release|Any CPU
		{C211C2F6-5172-46F5-B666-415B08786CDB}.Debug|Any CPU.ActiveCfg = Debug|Any CPU
		{C211C2F6-5172-46F5-B666-415B08786CDB}.Debug|Any CPU.Build.0 = Debug|Any CPU
		{C211C2F6-5172-46F5-B666-415B08786CDB}.Release|Any CPU.ActiveCfg = Release|Any CPU
		{C211C2F6-5172-46F5-B666-415B08786CDB}.Release|Any CPU.Build.0 = Release|Any CPU
		{72B54FC9-2D0F-4FFF-81C9-75B000C3A6A7}.Debug|Any CPU.ActiveCfg = Debug|Any CPU
		{72B54FC9-2D0F-4FFF-81C9-75B000C3A6A7}.Debug|Any CPU.Build.0 = Debug|Any CPU
		{72B54FC9-2D0F-4FFF-81C9-75B000C3A6A7}.Release|Any CPU.ActiveCfg = Release|Any CPU
		{72B54FC9-2D0F-4FFF-81C9-75B000C3A6A7}.Release|Any CPU.Build.0 = Release|Any CPU
	EndGlobalSection
	GlobalSection(SolutionProperties) = preSolution
		HideSolutionNode = FALSE
	EndGlobalSection
	GlobalSection(ExtensibilityGlobals) = postSolution
		SolutionGuid = {C4612D83-16B6-4617-80D5-5F771B478752}
	EndGlobalSection
EndGlobal
